
Microsoft Visual Studio Solution File, Format Version 12.00
# Visual Studio Version 16
VisualStudioVersion = 16.0.29519.181
MinimumVisualStudioVersion = 10.0.40219.1
Project("{FAE04EC0-301F-11D3-BF4B-00C04F79EFBC}") = "WebApi.Test", "WebApi.Test\WebApi.Test.csproj", "{C8471061-0364-4787-88D4-7CB10007A5B8}"
EndProject
Global
	GlobalSection(SolutionConfigurationPlatforms) = preSolution
		Debug|Any CPU = Debug|Any CPU
		Release|Any CPU = Release|Any CPU
	EndGlobalSection
	GlobalSection(ProjectConfigurationPlatforms) = postSolution
		{C8471061-0364-4787-88D4-7CB10007A5B8}.Debug|Any CPU.ActiveCfg = Debug|Any CPU
		{C8471061-0364-4787-88D4-7CB10007A5B8}.Debug|Any CPU.Build.0 = Debug|Any CPU
		{C8471061-0364-4787-88D4-7CB10007A5B8}.Release|Any CPU.ActiveCfg = Release|Any CPU
		{C8471061-0364-4787-88D4-7CB10007A5B8}.Release|Any CPU.Build.0 = Release|Any CPU
	EndGlobalSection
	GlobalSection(SolutionProperties) = preSolution
		HideSolutionNode = FALSE
	EndGlobalSection
	GlobalSection(ExtensibilityGlobals) = postSolution
		SolutionGuid = {049C55BD-8B7E-43C3-8088-C90172E02F0D}
	EndGlobalSection
EndGlobal
